
Microsoft Visual Studio Solution File, Format Version 12.00
# Visual Studio Version 17
VisualStudioVersion = 17.0.31903.59
MinimumVisualStudioVersion = 10.0.40219.1
Project("{FAE04EC0-301F-11D3-BF4B-00C04F79EFBC}") = "Statevia.Reference.Http", "Statevia.Reference.Http\Statevia.Reference.Http.csproj", "{C59D77F9-62B5-4623-8B53-367E76B42076}"
EndProject
Project("{FAE04EC0-301F-11D3-BF4B-00C04F79EFBC}") = "Statevia.Reference.Http.Tests", "Statevia.Reference.Http.Tests\Statevia.Reference.Http.Tests.csproj", "{E252D4C7-61FC-4109-A364-9BD0D244E20C}"
EndProject
Project("{FAE04EC0-301F-11D3-BF4B-00C04F79EFBC}") = "Statevia.Reference.Notification", "Statevia.Reference.Notification\Statevia.Reference.Notification.csproj", "{06A56DD9-9FF7-4005-93CA-F563D107856B}"
EndProject
Project("{FAE04EC0-301F-11D3-BF4B-00C04F79EFBC}") = "Statevia.Reference.Notification.Tests", "Statevia.Reference.Notification.Tests\Statevia.Reference.Notification.Tests.csproj", "{C16B6226-B9DE-47F3-9137-C8C40FDA3931}"
EndProject
Global
	GlobalSection(SolutionConfigurationPlatforms) = preSolution
		Debug|Any CPU = Debug|Any CPU
		Release|Any CPU = Release|Any CPU
	EndGlobalSection
	GlobalSection(ProjectConfigurationPlatforms) = postSolution
		{C59D77F9-62B5-4623-8B53-367E76B42076}.Debug|Any CPU.ActiveCfg = Debug|Any CPU
		{C59D77F9-62B5-4623-8B53-367E76B42076}.Debug|Any CPU.Build.0 = Debug|Any CPU
		{C59D77F9-62B5-4623-8B53-367E76B42076}.Release|Any CPU.ActiveCfg = Release|Any CPU
		{C59D77F9-62B5-4623-8B53-367E76B42076}.Release|Any CPU.Build.0 = Release|Any CPU
		{E252D4C7-61FC-4109-A364-9BD0D244E20C}.Debug|Any CPU.ActiveCfg = Debug|Any CPU
		{E252D4C7-61FC-4109-A364-9BD0D244E20C}.Debug|Any CPU.Build.0 = Debug|Any CPU
		{E252D4C7-61FC-4109-A364-9BD0D244E20C}.Release|Any CPU.ActiveCfg = Release|Any CPU
		{E252D4C7-61FC-4109-A364-9BD0D244E20C}.Release|Any CPU.Build.0 = Release|Any CPU
		{06A56DD9-9FF7-4005-93CA-F563D107856B}.Debug|Any CPU.ActiveCfg = Debug|Any CPU
		{06A56DD9-9FF7-4005-93CA-F563D107856B}.Debug|Any CPU.Build.0 = Debug|Any CPU
		{06A56DD9-9FF7-4005-93CA-F563D107856B}.Release|Any CPU.ActiveCfg = Release|Any CPU
		{06A56DD9-9FF7-4005-93CA-F563D107856B}.Release|Any CPU.Build.0 = Release|Any CPU
		{C16B6226-B9DE-47F3-9137-C8C40FDA3931}.Debug|Any CPU.ActiveCfg = Debug|Any CPU
		{C16B6226-B9DE-47F3-9137-C8C40FDA3931}.Debug|Any CPU.Build.0 = Debug|Any CPU
		{C16B6226-B9DE-47F3-9137-C8C40FDA3931}.Release|Any CPU.ActiveCfg = Release|Any CPU
		{C16B6226-B9DE-47F3-9137-C8C40FDA3931}.Release|Any CPU.Build.0 = Release|Any CPU
	EndGlobalSection
	GlobalSection(SolutionProperties) = preSolution
		HideSolutionNode = FALSE
	EndGlobalSection
EndGlobal
