
Microsoft Visual Studio Solution File, Format Version 12.00
# Visual Studio Version 17
VisualStudioVersion = 17.0.31903.59
MinimumVisualStudioVersion = 10.0.40219.1
Project("{FAE04EC0-301F-11D3-BF4B-00C04F79EFBC}") = "Statevia.Service.Api", "Statevia.Service.Api\Statevia.Service.Api.csproj", "{E5F6A7B8-C9D0-1234-EF01-345678901234}"
EndProject
Project("{FAE04EC0-301F-11D3-BF4B-00C04F79EFBC}") = "Statevia.Service.Api.Tests", "Statevia.Service.Api.Tests\Statevia.Service.Api.Tests.csproj", "{6E903B72-55BE-4F22-A27E-61FE5F4E9E00}"
EndProject
Project("{FAE04EC0-301F-11D3-BF4B-00C04F79EFBC}") = "Statevia.Service.Api.Bootstrap", "Statevia.Service.Api.Bootstrap\Statevia.Service.Api.Bootstrap.csproj", "{D8C3DFB1-E885-4997-9E75-F0335F9E4FA6}"
EndProject
Project("{FAE04EC0-301F-11D3-BF4B-00C04F79EFBC}") = "Statevia.Actions.Abstractions", "..\..\shared\Statevia.Actions.Abstractions\Statevia.Actions.Abstractions.csproj", "{3CF52601-1840-46C5-9D0F-142CE6EAFE05}"
EndProject
Project("{FAE04EC0-301F-11D3-BF4B-00C04F79EFBC}") = "Statevia.Core.Engine", "..\..\core\engine\Statevia.Core.Engine\Statevia.Core.Engine.csproj", "{6CDF6D46-C617-4428-8AE7-88D9683B9377}"
EndProject
Project("{FAE04EC0-301F-11D3-BF4B-00C04F79EFBC}") = "Statevia.Modules", "..\..\shared\Statevia.Modules\Statevia.Modules.csproj", "{A1B2C3D4-E5F6-7890-ABCD-EF1234567890}"
EndProject
Project("{FAE04EC0-301F-11D3-BF4B-00C04F79EFBC}") = "Statevia.Modules.Tests", "..\..\shared\Statevia.Modules.Tests\Statevia.Modules.Tests.csproj", "{B2C3D4E5-F6A7-8901-BCDE-F12345678901}"
EndProject
Project("{FAE04EC0-301F-11D3-BF4B-00C04F79EFBC}") = "TestActionModule", "Statevia.Service.Api.Tests\Fixtures\TestActionModule\TestActionModule.csproj", "{C3D4E5F6-A7B8-9012-CDEF-123456789012}"
EndProject
Project("{FAE04EC0-301F-11D3-BF4B-00C04F79EFBC}") = "Statevia.Actions.Grpc", "..\..\shared\Statevia.Actions.Grpc\Statevia.Actions.Grpc.csproj", "{A7573FF4-6E4D-4D9F-9A62-95E11D528153}"
EndProject
Project("{FAE04EC0-301F-11D3-BF4B-00C04F79EFBC}") = "Statevia.Actions.Grpc.Tests", "..\..\shared\Statevia.Actions.Grpc.Tests\Statevia.Actions.Grpc.Tests.csproj", "{0803D9A3-7B3B-4ABB-93A7-AFD96E9B0B85}"
EndProject
Global
	GlobalSection(SolutionConfigurationPlatforms) = preSolution
		Debug|Any CPU = Debug|Any CPU
		Debug|x64 = Debug|x64
		Debug|x86 = Debug|x86
		Release|Any CPU = Release|Any CPU
		Release|x64 = Release|x64
		Release|x86 = Release|x86
	EndGlobalSection
	GlobalSection(ProjectConfigurationPlatforms) = postSolution
		{E5F6A7B8-C9D0-1234-EF01-345678901234}.Debug|Any CPU.ActiveCfg = Debug|Any CPU
		{E5F6A7B8-C9D0-1234-EF01-345678901234}.Debug|Any CPU.Build.0 = Debug|Any CPU
		{E5F6A7B8-C9D0-1234-EF01-345678901234}.Debug|x64.ActiveCfg = Debug|Any CPU
		{E5F6A7B8-C9D0-1234-EF01-345678901234}.Debug|x64.Build.0 = Debug|Any CPU
		{E5F6A7B8-C9D0-1234-EF01-345678901234}.Debug|x86.ActiveCfg = Debug|Any CPU
		{E5F6A7B8-C9D0-1234-EF01-345678901234}.Debug|x86.Build.0 = Debug|Any CPU
		{E5F6A7B8-C9D0-1234-EF01-345678901234}.Release|Any CPU.ActiveCfg = Release|Any CPU
		{E5F6A7B8-C9D0-1234-EF01-345678901234}.Release|Any CPU.Build.0 = Release|Any CPU
		{E5F6A7B8-C9D0-1234-EF01-345678901234}.Release|x64.ActiveCfg = Release|Any CPU
		{E5F6A7B8-C9D0-1234-EF01-345678901234}.Release|x64.Build.0 = Release|Any CPU
		{E5F6A7B8-C9D0-1234-EF01-345678901234}.Release|x86.ActiveCfg = Release|Any CPU
		{E5F6A7B8-C9D0-1234-EF01-345678901234}.Release|x86.Build.0 = Release|Any CPU
		{6E903B72-55BE-4F22-A27E-61FE5F4E9E00}.Debug|Any CPU.ActiveCfg = Debug|Any CPU
		{6E903B72-55BE-4F22-A27E-61FE5F4E9E00}.Debug|Any CPU.Build.0 = Debug|Any CPU
		{6E903B72-55BE-4F22-A27E-61FE5F4E9E00}.Debug|x64.ActiveCfg = Debug|Any CPU
		{6E903B72-55BE-4F22-A27E-61FE5F4E9E00}.Debug|x64.Build.0 = Debug|Any CPU
		{6E903B72-55BE-4F22-A27E-61FE5F4E9E00}.Debug|x86.ActiveCfg = Debug|Any CPU
		{6E903B72-55BE-4F22-A27E-61FE5F4E9E00}.Debug|x86.Build.0 = Debug|Any CPU
		{6E903B72-55BE-4F22-A27E-61FE5F4E9E00}.Release|Any CPU.ActiveCfg = Release|Any CPU
		{6E903B72-55BE-4F22-A27E-61FE5F4E9E00}.Release|Any CPU.Build.0 = Release|Any CPU
		{6E903B72-55BE-4F22-A27E-61FE5F4E9E00}.Release|x64.ActiveCfg = Release|Any CPU
		{6E903B72-55BE-4F22-A27E-61FE5F4E9E00}.Release|x64.Build.0 = Release|Any CPU
		{6E903B72-55BE-4F22-A27E-61FE5F4E9E00}.Release|x86.ActiveCfg = Release|Any CPU
		{6E903B72-55BE-4F22-A27E-61FE5F4E9E00}.Release|x86.Build.0 = Release|Any CPU
		{D8C3DFB1-E885-4997-9E75-F0335F9E4FA6}.Debug|Any CPU.ActiveCfg = Debug|Any CPU
		{D8C3DFB1-E885-4997-9E75-F0335F9E4FA6}.Debug|Any CPU.Build.0 = Debug|Any CPU
		{D8C3DFB1-E885-4997-9E75-F0335F9E4FA6}.Debug|x64.ActiveCfg = Debug|Any CPU
		{D8C3DFB1-E885-4997-9E75-F0335F9E4FA6}.Debug|x64.Build.0 = Debug|Any CPU
		{D8C3DFB1-E885-4997-9E75-F0335F9E4FA6}.Debug|x86.ActiveCfg = Debug|Any CPU
		{D8C3DFB1-E885-4997-9E75-F0335F9E4FA6}.Debug|x86.Build.0 = Debug|Any CPU
		{D8C3DFB1-E885-4997-9E75-F0335F9E4FA6}.Release|Any CPU.ActiveCfg = Release|Any CPU
		{D8C3DFB1-E885-4997-9E75-F0335F9E4FA6}.Release|Any CPU.Build.0 = Release|Any CPU
		{D8C3DFB1-E885-4997-9E75-F0335F9E4FA6}.Release|x64.ActiveCfg = Release|Any CPU
		{D8C3DFB1-E885-4997-9E75-F0335F9E4FA6}.Release|x64.Build.0 = Release|Any CPU
		{D8C3DFB1-E885-4997-9E75-F0335F9E4FA6}.Release|x86.ActiveCfg = Release|Any CPU
		{D8C3DFB1-E885-4997-9E75-F0335F9E4FA6}.Release|x86.Build.0 = Release|Any CPU
		{3CF52601-1840-46C5-9D0F-142CE6EAFE05}.Debug|Any CPU.ActiveCfg = Debug|Any CPU
		{3CF52601-1840-46C5-9D0F-142CE6EAFE05}.Debug|Any CPU.Build.0 = Debug|Any CPU
		{3CF52601-1840-46C5-9D0F-142CE6EAFE05}.Debug|x64.ActiveCfg = Debug|Any CPU
		{3CF52601-1840-46C5-9D0F-142CE6EAFE05}.Debug|x64.Build.0 = Debug|Any CPU
		{3CF52601-1840-46C5-9D0F-142CE6EAFE05}.Debug|x86.ActiveCfg = Debug|Any CPU
		{3CF52601-1840-46C5-9D0F-142CE6EAFE05}.Debug|x86.Build.0 = Debug|Any CPU
		{3CF52601-1840-46C5-9D0F-142CE6EAFE05}.Release|Any CPU.ActiveCfg = Release|Any CPU
		{3CF52601-1840-46C5-9D0F-142CE6EAFE05}.Release|Any CPU.Build.0 = Release|Any CPU
		{3CF52601-1840-46C5-9D0F-142CE6EAFE05}.Release|x64.ActiveCfg = Release|Any CPU
		{3CF52601-1840-46C5-9D0F-142CE6EAFE05}.Release|x64.Build.0 = Release|Any CPU
		{3CF52601-1840-46C5-9D0F-142CE6EAFE05}.Release|x86.ActiveCfg = Release|Any CPU
		{3CF52601-1840-46C5-9D0F-142CE6EAFE05}.Release|x86.Build.0 = Release|Any CPU
		{6CDF6D46-C617-4428-8AE7-88D9683B9377}.Debug|Any CPU.ActiveCfg = Debug|Any CPU
		{6CDF6D46-C617-4428-8AE7-88D9683B9377}.Debug|Any CPU.Build.0 = Debug|Any CPU
		{6CDF6D46-C617-4428-8AE7-88D9683B9377}.Debug|x64.ActiveCfg = Debug|Any CPU
		{6CDF6D46-C617-4428-8AE7-88D9683B9377}.Debug|x64.Build.0 = Debug|Any CPU
		{6CDF6D46-C617-4428-8AE7-88D9683B9377}.Debug|x86.ActiveCfg = Debug|Any CPU
		{6CDF6D46-C617-4428-8AE7-88D9683B9377}.Debug|x86.Build.0 = Debug|Any CPU
		{6CDF6D46-C617-4428-8AE7-88D9683B9377}.Release|Any CPU.ActiveCfg = Release|Any CPU
		{6CDF6D46-C617-4428-8AE7-88D9683B9377}.Release|Any CPU.Build.0 = Release|Any CPU
		{6CDF6D46-C617-4428-8AE7-88D9683B9377}.Release|x64.ActiveCfg = Release|Any CPU
		{6CDF6D46-C617-4428-8AE7-88D9683B9377}.Release|x64.Build.0 = Release|Any CPU
		{6CDF6D46-C617-4428-8AE7-88D9683B9377}.Release|x86.ActiveCfg = Release|Any CPU
		{6CDF6D46-C617-4428-8AE7-88D9683B9377}.Release|x86.Build.0 = Release|Any CPU
		{A7573FF4-6E4D-4D9F-9A62-95E11D528153}.Debug|Any CPU.ActiveCfg = Debug|Any CPU
		{A7573FF4-6E4D-4D9F-9A62-95E11D528153}.Debug|Any CPU.Build.0 = Debug|Any CPU
		{A7573FF4-6E4D-4D9F-9A62-95E11D528153}.Debug|x64.ActiveCfg = Debug|Any CPU
		{A7573FF4-6E4D-4D9F-9A62-95E11D528153}.Debug|x64.Build.0 = Debug|Any CPU
		{A7573FF4-6E4D-4D9F-9A62-95E11D528153}.Debug|x86.ActiveCfg = Debug|Any CPU
		{A7573FF4-6E4D-4D9F-9A62-95E11D528153}.Debug|x86.Build.0 = Debug|Any CPU
		{A7573FF4-6E4D-4D9F-9A62-95E11D528153}.Release|Any CPU.ActiveCfg = Release|Any CPU
		{A7573FF4-6E4D-4D9F-9A62-95E11D528153}.Release|Any CPU.Build.0 = Release|Any CPU
		{A7573FF4-6E4D-4D9F-9A62-95E11D528153}.Release|x64.ActiveCfg = Release|Any CPU
		{A7573FF4-6E4D-4D9F-9A62-95E11D528153}.Release|x64.Build.0 = Release|Any CPU
		{A7573FF4-6E4D-4D9F-9A62-95E11D528153}.Release|x86.ActiveCfg = Release|Any CPU
		{A7573FF4-6E4D-4D9F-9A62-95E11D528153}.Release|x86.Build.0 = Release|Any CPU
		{0803D9A3-7B3B-4ABB-93A7-AFD96E9B0B85}.Debug|Any CPU.ActiveCfg = Debug|Any CPU
		{0803D9A3-7B3B-4ABB-93A7-AFD96E9B0B85}.Debug|Any CPU.Build.0 = Debug|Any CPU
		{0803D9A3-7B3B-4ABB-93A7-AFD96E9B0B85}.Debug|x64.ActiveCfg = Debug|Any CPU
		{0803D9A3-7B3B-4ABB-93A7-AFD96E9B0B85}.Debug|x64.Build.0 = Debug|Any CPU
		{0803D9A3-7B3B-4ABB-93A7-AFD96E9B0B85}.Debug|x86.ActiveCfg = Debug|Any CPU
		{0803D9A3-7B3B-4ABB-93A7-AFD96E9B0B85}.Debug|x86.Build.0 = Debug|Any CPU
		{0803D9A3-7B3B-4ABB-93A7-AFD96E9B0B85}.Release|Any CPU.ActiveCfg = Release|Any CPU
		{0803D9A3-7B3B-4ABB-93A7-AFD96E9B0B85}.Release|Any CPU.Build.0 = Release|Any CPU
		{0803D9A3-7B3B-4ABB-93A7-AFD96E9B0B85}.Release|x64.ActiveCfg = Release|Any CPU
		{0803D9A3-7B3B-4ABB-93A7-AFD96E9B0B85}.Release|x64.Build.0 = Release|Any CPU
		{0803D9A3-7B3B-4ABB-93A7-AFD96E9B0B85}.Release|x86.ActiveCfg = Release|Any CPU
		{0803D9A3-7B3B-4ABB-93A7-AFD96E9B0B85}.Release|x86.Build.0 = Release|Any CPU
	EndGlobalSection
	GlobalSection(SolutionProperties) = preSolution
		HideSolutionNode = FALSE
	EndGlobalSection
EndGlobal
